
Microsoft Visual Studio Solution File, Format Version 12.00
Project("{FAE04EC0-301F-11D3-BF4B-00C04F79EFBC}") = "AlgorithmDemo", "AlgorithmDemo\AlgorithmDemo.csproj", "{DD5F908A-5CE6-4CC6-8BD4-A3B0F587E611}"
EndProject
Global
	GlobalSection(SolutionConfigurationPlatforms) = preSolution
		Debug|Any CPU = Debug|Any CPU
		Release|Any CPU = Release|Any CPU
	EndGlobalSection
	GlobalSection(ProjectConfigurationPlatforms) = postSolution
		{DD5F908A-5CE6-4CC6-8BD4-A3B0F587E611}.Debug|Any CPU.ActiveCfg = Debug|Any CPU
		{DD5F908A-5CE6-4CC6-8BD4-A3B0F587E611}.Debug|Any CPU.Build.0 = Debug|Any CPU
		{DD5F908A-5CE6-4CC6-8BD4-A3B0F587E611}.Release|Any CPU.ActiveCfg = Release|Any CPU
		{DD5F908A-5CE6-4CC6-8BD4-A3B0F587E611}.Release|Any CPU.Build.0 = Release|Any CPU
	EndGlobalSection
EndGlobal
